# @generated by Move, please check-in and do not edit manually.

[move]
version = 2
manifest_digest = "EA4A5D762E6E59D83DA14F0407BB305854FC843D8381E8EB31C0C6F7B6AE331B"
deps_digest = "F8BBB0CCB2491CA29A3DF03D6F92277A4F3574266507ACD77214D37ECA3F3082"
dependencies = [
  { name = "Sui" },
]

[[move.package]]
name = "MoveStdlib"
source = { git = "https://github.com/MystenLabs/sui.git", rev = "mainnet", subdir = "crates/sui-framework/packages/move-stdlib" }

[[move.package]]
name = "Sui"
source = { git = "https://github.com/MystenLabs/sui.git", rev = "mainnet", subdir = "crates/sui-framework/packages/sui-framework" }

dependencies = [
  { name = "MoveStdlib" },
]

[move.toolchain-version]
compiler-version = "1.31.1"
edition = "2024.beta"
flavor = "sui"

[env]

[env.testnet]
chain-id = "4c78adac"
original-published-id = "0x0d0b8de6834045f24acae61d09c2e655aede6a6d926c361bdabcc7b34d057870"
latest-published-id = "0x0d0b8de6834045f24acae61d09c2e655aede6a6d926c361bdabcc7b34d057870"
published-version = "1"
